
Microsoft Visual Studio Solution File, Format Version 12.00
# Visual Studio Version 17
VisualStudioVersion = 17.13.35913.81
MinimumVisualStudioVersion = 10.0.40219.1
Project("{FAE04EC0-301F-11D3-BF4B-00C04F79EFBC}") = "Homeworks (OTUS)", "Homeworks (OTUS).csproj", "{B915CA98-250F-45E4-8142-189D5154AD73}"
EndProject
Global
	GlobalSection(SolutionConfigurationPlatforms) = preSolution
		Debug|Any CPU = Debug|Any CPU
		Release|Any CPU = Release|Any CPU
	EndGlobalSection
	GlobalSection(ProjectConfigurationPlatforms) = postSolution
		{B915CA98-250F-45E4-8142-189D5154AD73}.Debug|Any CPU.ActiveCfg = Debug|Any CPU
		{B915CA98-250F-45E4-8142-189D5154AD73}.Debug|Any CPU.Build.0 = Debug|Any CPU
		{B915CA98-250F-45E4-8142-189D5154AD73}.Release|Any CPU.ActiveCfg = Release|Any CPU
		{B915CA98-250F-45E4-8142-189D5154AD73}.Release|Any CPU.Build.0 = Release|Any CPU
	EndGlobalSection
	GlobalSection(SolutionProperties) = preSolution
		HideSolutionNode = FALSE
	EndGlobalSection
	GlobalSection(ExtensibilityGlobals) = postSolution
		SolutionGuid = {891797AA-E16C-4906-9D7A-025105D86E7D}
	EndGlobalSection
EndGlobal
